
Microsoft Visual Studio Solution File, Format Version 12.00
# Visual Studio Version 17
VisualStudioVersion = 17.6.33801.468
MinimumVisualStudioVersion = 10.0.40219.1
Project("{9A19103F-16F7-4668-BE54-9A1E7A4F7556}") = "Server", "Server\Server.csproj", "{B3207E02-39E3-4F92-A42B-12C488E7671C}"
	ProjectSection(ProjectDependencies) = postProject
		{BDB95824-0CFB-419E-8EA1-328BF4908CBE} = {BDB95824-0CFB-419E-8EA1-328BF4908CBE}
	EndProjectSection
EndProject
Project("{9A19103F-16F7-4668-BE54-9A1E7A4F7556}") = "ServerCore", "ServerCore\ServerCore.csproj", "{BDB95824-0CFB-419E-8EA1-328BF4908CBE}"
EndProject
Project("{9A19103F-16F7-4668-BE54-9A1E7A4F7556}") = "DummyClient", "DummyClient\DummyClient.csproj", "{EDA1BF56-A78F-4CB2-A8E6-D54440D25B10}"
	ProjectSection(ProjectDependencies) = postProject
		{BDB95824-0CFB-419E-8EA1-328BF4908CBE} = {BDB95824-0CFB-419E-8EA1-328BF4908CBE}
	EndProjectSection
EndProject
Project("{2150E333-8FDC-42A3-9474-1A3956D46DE8}") = "Tools", "Tools", "{390507B9-A6B6-4372-894D-3B40AC4DBA0B}"
EndProject
Project("{FAE04EC0-301F-11D3-BF4B-00C04F79EFBC}") = "PacketGenerator", "PacketGenerator\PacketGenerator.csproj", "{91978353-5EF7-4387-A160-D31B2065A3D6}"
EndProject
Global
	GlobalSection(SolutionConfigurationPlatforms) = preSolution
		Debug|Any CPU = Debug|Any CPU
		Release|Any CPU = Release|Any CPU
	EndGlobalSection
	GlobalSection(ProjectConfigurationPlatforms) = postSolution
		{B3207E02-39E3-4F92-A42B-12C488E7671C}.Debug|Any CPU.ActiveCfg = Debug|Any CPU
		{B3207E02-39E3-4F92-A42B-12C488E7671C}.Debug|Any CPU.Build.0 = Debug|Any CPU
		{B3207E02-39E3-4F92-A42B-12C488E7671C}.Release|Any CPU.ActiveCfg = Release|Any CPU
		{B3207E02-39E3-4F92-A42B-12C488E7671C}.Release|Any CPU.Build.0 = Release|Any CPU
		{BDB95824-0CFB-419E-8EA1-328BF4908CBE}.Debug|Any CPU.ActiveCfg = Debug|Any CPU
		{BDB95824-0CFB-419E-8EA1-328BF4908CBE}.Debug|Any CPU.Build.0 = Debug|Any CPU
		{BDB95824-0CFB-419E-8EA1-328BF4908CBE}.Release|Any CPU.ActiveCfg = Release|Any CPU
		{BDB95824-0CFB-419E-8EA1-328BF4908CBE}.Release|Any CPU.Build.0 = Release|Any CPU
		{EDA1BF56-A78F-4CB2-A8E6-D54440D25B10}.Debug|Any CPU.ActiveCfg = Debug|Any CPU
		{EDA1BF56-A78F-4CB2-A8E6-D54440D25B10}.Debug|Any CPU.Build.0 = Debug|Any CPU
		{EDA1BF56-A78F-4CB2-A8E6-D54440D25B10}.Release|Any CPU.ActiveCfg = Release|Any CPU
		{EDA1BF56-A78F-4CB2-A8E6-D54440D25B10}.Release|Any CPU.Build.0 = Release|Any CPU
		{91978353-5EF7-4387-A160-D31B2065A3D6}.Debug|Any CPU.ActiveCfg = Debug|Any CPU
		{91978353-5EF7-4387-A160-D31B2065A3D6}.Debug|Any CPU.Build.0 = Debug|Any CPU
		{91978353-5EF7-4387-A160-D31B2065A3D6}.Release|Any CPU.ActiveCfg = Release|Any CPU
		{91978353-5EF7-4387-A160-D31B2065A3D6}.Release|Any CPU.Build.0 = Release|Any CPU
	EndGlobalSection
	GlobalSection(SolutionProperties) = preSolution
		HideSolutionNode = FALSE
	EndGlobalSection
	GlobalSection(NestedProjects) = preSolution
		{91978353-5EF7-4387-A160-D31B2065A3D6} = {390507B9-A6B6-4372-894D-3B40AC4DBA0B}
	EndGlobalSection
	GlobalSection(ExtensibilityGlobals) = postSolution
		SolutionGuid = {C824744C-330D-4D45-85E0-8DBE203FF616}
	EndGlobalSection
EndGlobal
