
Microsoft Visual Studio Solution File, Format Version 12.00
Project("{FAE04EC0-301F-11D3-BF4B-00C04F79EFBC}") = "Server", "Server\Server.csproj", "{B3207E02-39E3-4F92-A42B-12C488E7671C}"
EndProject
Project("{FAE04EC0-301F-11D3-BF4B-00C04F79EFBC}") = "ServerCore", "ServerCore\ServerCore.csproj", "{BDB95824-0CFB-419E-8EA1-328BF4908CBE}"
EndProject
Project("{FAE04EC0-301F-11D3-BF4B-00C04F79EFBC}") = "DummyClient", "DummyClient\DummyClient.csproj", "{EDA1BF56-A78F-4CB2-A8E6-D54440D25B10}"
EndProject
Global
	GlobalSection(SolutionConfigurationPlatforms) = preSolution
		Debug|Any CPU = Debug|Any CPU
		Release|Any CPU = Release|Any CPU
	EndGlobalSection
	GlobalSection(ProjectConfigurationPlatforms) = postSolution
		{B3207E02-39E3-4F92-A42B-12C488E7671C}.Debug|Any CPU.ActiveCfg = Debug|Any CPU
		{B3207E02-39E3-4F92-A42B-12C488E7671C}.Debug|Any CPU.Build.0 = Debug|Any CPU
		{B3207E02-39E3-4F92-A42B-12C488E7671C}.Release|Any CPU.ActiveCfg = Release|Any CPU
		{B3207E02-39E3-4F92-A42B-12C488E7671C}.Release|Any CPU.Build.0 = Release|Any CPU
		{BDB95824-0CFB-419E-8EA1-328BF4908CBE}.Debug|Any CPU.ActiveCfg = Debug|Any CPU
		{BDB95824-0CFB-419E-8EA1-328BF4908CBE}.Debug|Any CPU.Build.0 = Debug|Any CPU
		{BDB95824-0CFB-419E-8EA1-328BF4908CBE}.Release|Any CPU.ActiveCfg = Release|Any CPU
		{BDB95824-0CFB-419E-8EA1-328BF4908CBE}.Release|Any CPU.Build.0 = Release|Any CPU
		{EDA1BF56-A78F-4CB2-A8E6-D54440D25B10}.Debug|Any CPU.ActiveCfg = Debug|Any CPU
		{EDA1BF56-A78F-4CB2-A8E6-D54440D25B10}.Debug|Any CPU.Build.0 = Debug|Any CPU
		{EDA1BF56-A78F-4CB2-A8E6-D54440D25B10}.Release|Any CPU.ActiveCfg = Release|Any CPU
		{EDA1BF56-A78F-4CB2-A8E6-D54440D25B10}.Release|Any CPU.Build.0 = Release|Any CPU
	EndGlobalSection
EndGlobal
